
Microsoft Visual Studio Solution File, Format Version 12.00
# Visual Studio Version 17
VisualStudioVersion = 17.4.33403.182
MinimumVisualStudioVersion = 10.0.40219.1
Project("{FAE04EC0-301F-11D3-BF4B-00C04F79EFBC}") = "ProtectedApp", "ProtectedApp.csproj", "{E8710525-AD67-40B3-B260-1E4C014253C0}"
EndProject
Global
	GlobalSection(SolutionConfigurationPlatforms) = preSolution
		Debug|Any CPU = Debug|Any CPU
		Release|Any CPU = Release|Any CPU
	EndGlobalSection
	GlobalSection(ProjectConfigurationPlatforms) = postSolution
		{E8710525-AD67-40B3-B260-1E4C014253C0}.Debug|Any CPU.ActiveCfg = Debug|Any CPU
		{E8710525-AD67-40B3-B260-1E4C014253C0}.Debug|Any CPU.Build.0 = Debug|Any CPU
		{E8710525-AD67-40B3-B260-1E4C014253C0}.Release|Any CPU.ActiveCfg = Release|Any CPU
		{E8710525-AD67-40B3-B260-1E4C014253C0}.Release|Any CPU.Build.0 = Release|Any CPU
	EndGlobalSection
	GlobalSection(SolutionProperties) = preSolution
		HideSolutionNode = FALSE
	EndGlobalSection
	GlobalSection(ExtensibilityGlobals) = postSolution
		SolutionGuid = {7BC3CADE-666D-4495-AFCB-5A52B989560B}
	EndGlobalSection
EndGlobal
